
Microsoft Visual Studio Solution File, Format Version 12.00
# Visual Studio Version 17
VisualStudioVersion = 17.14.36717.8
MinimumVisualStudioVersion = 10.0.40219.1
Project("{FAE04EC0-301F-11D3-BF4B-00C04F79EFBC}") = "ArtSupplyStore", "ArtSupplyStore.csproj", "{3151715B-D8BF-454A-BB22-275E672E4688}"
EndProject
Global
	GlobalSection(SolutionConfigurationPlatforms) = preSolution
		Debug|Any CPU = Debug|Any CPU
		Release|Any CPU = Release|Any CPU
	EndGlobalSection
	GlobalSection(ProjectConfigurationPlatforms) = postSolution
		{3151715B-D8BF-454A-BB22-275E672E4688}.Debug|Any CPU.ActiveCfg = Debug|Any CPU
		{3151715B-D8BF-454A-BB22-275E672E4688}.Debug|Any CPU.Build.0 = Debug|Any CPU
		{3151715B-D8BF-454A-BB22-275E672E4688}.Release|Any CPU.ActiveCfg = Release|Any CPU
		{3151715B-D8BF-454A-BB22-275E672E4688}.Release|Any CPU.Build.0 = Release|Any CPU
	EndGlobalSection
	GlobalSection(SolutionProperties) = preSolution
		HideSolutionNode = FALSE
	EndGlobalSection
	GlobalSection(ExtensibilityGlobals) = postSolution
		SolutionGuid = {BBCF8F97-39B9-433C-9769-09E507299B44}
	EndGlobalSection
EndGlobal
